
Microsoft Visual Studio Solution File, Format Version 12.00
# Visual Studio Version 17
VisualStudioVersion = 17.9.34607.119
MinimumVisualStudioVersion = 10.0.40219.1
Project("{FAE04EC0-301F-11D3-BF4B-00C04F79EFBC}") = "ZadanieZukova", "ZadanieZukova\ZadanieZukova.csproj", "{E566C6E1-DC8D-48A8-ACA4-1CEE2BB5314E}"
EndProject
Global
	GlobalSection(SolutionConfigurationPlatforms) = preSolution
		Debug|Any CPU = Debug|Any CPU
		Release|Any CPU = Release|Any CPU
	EndGlobalSection
	GlobalSection(ProjectConfigurationPlatforms) = postSolution
		{E566C6E1-DC8D-48A8-ACA4-1CEE2BB5314E}.Debug|Any CPU.ActiveCfg = Debug|Any CPU
		{E566C6E1-DC8D-48A8-ACA4-1CEE2BB5314E}.Debug|Any CPU.Build.0 = Debug|Any CPU
		{E566C6E1-DC8D-48A8-ACA4-1CEE2BB5314E}.Release|Any CPU.ActiveCfg = Release|Any CPU
		{E566C6E1-DC8D-48A8-ACA4-1CEE2BB5314E}.Release|Any CPU.Build.0 = Release|Any CPU
	EndGlobalSection
	GlobalSection(SolutionProperties) = preSolution
		HideSolutionNode = FALSE
	EndGlobalSection
	GlobalSection(ExtensibilityGlobals) = postSolution
		SolutionGuid = {A9E60687-B8F2-40A1-A067-ADBE08EEC779}
	EndGlobalSection
EndGlobal
